
Microsoft Visual Studio Solution File, Format Version 12.00
# Visual Studio Version 16
VisualStudioVersion = 16.0.30907.101
MinimumVisualStudioVersion = 10.0.40219.1
Project("{FAE04EC0-301F-11D3-BF4B-00C04F79EFBC}") = "TestMacro1", "TestMacro1\TestMacro1.csproj", "{747E78CA-A80B-43D2-9092-341CF14EA505}"
EndProject
Global
	GlobalSection(SolutionConfigurationPlatforms) = preSolution
		Debug|Any CPU = Debug|Any CPU
		Release|Any CPU = Release|Any CPU
	EndGlobalSection
	GlobalSection(ProjectConfigurationPlatforms) = postSolution
		{747E78CA-A80B-43D2-9092-341CF14EA505}.Debug|Any CPU.ActiveCfg = Debug|Any CPU
		{747E78CA-A80B-43D2-9092-341CF14EA505}.Debug|Any CPU.Build.0 = Debug|Any CPU
		{747E78CA-A80B-43D2-9092-341CF14EA505}.Release|Any CPU.ActiveCfg = Release|Any CPU
		{747E78CA-A80B-43D2-9092-341CF14EA505}.Release|Any CPU.Build.0 = Release|Any CPU
	EndGlobalSection
	GlobalSection(SolutionProperties) = preSolution
		HideSolutionNode = FALSE
	EndGlobalSection
	GlobalSection(ExtensibilityGlobals) = postSolution
		SolutionGuid = {94C36AE7-1476-4AF0-8F8F-FC7B7D0E24A1}
	EndGlobalSection
EndGlobal
